
Microsoft Visual Studio Solution File, Format Version 12.00
# Visual Studio Version 17
VisualStudioVersion = 17.3.32922.545
MinimumVisualStudioVersion = 10.0.40219.1
Project("{2150E333-8FDC-42A3-9474-1A3956D46DE8}") = "lib", "lib", "{9107F482-D7DD-4B0C-BD6F-8DD01893E157}"
EndProject
Project("{2150E333-8FDC-42A3-9474-1A3956D46DE8}") = "iTin.Core", "iTin.Core", "{F7A4B784-8BE8-4EBE-8516-E741256FE270}"
EndProject
Project("{2150E333-8FDC-42A3-9474-1A3956D46DE8}") = "iTin.Hardware", "iTin.Hardware", "{B2EEBB85-DA4D-436A-8F4B-A455E20BBC41}"
EndProject
Project("{2150E333-8FDC-42A3-9474-1A3956D46DE8}") = "iTin.Hardware.Specification", "iTin.Hardware.Specification", "{FB0E1A10-5DA3-47BC-BA3B-16A0E2031F40}"
EndProject
Project("{2150E333-8FDC-42A3-9474-1A3956D46DE8}") = "test", "test", "{91CBD598-2E14-4030-BADA-8FCC9815D318}"
EndProject
Project("{2150E333-8FDC-42A3-9474-1A3956D46DE8}") = "iTin.Logging", "iTin.Logging", "{F02CE6B9-FE76-40BE-A367-671049F30F81}"
EndProject
Project("{9A19103F-16F7-4668-BE54-9A1E7A4F7556}") = "iTin.Logging", "src\lib\net\iTin.Logging\iTin.Logging\iTin.Logging.csproj", "{64B2E2AE-6B3D-40F4-90ED-9AD997293990}"
EndProject
Project("{2150E333-8FDC-42A3-9474-1A3956D46DE8}") = "iTin.Core", "iTin.Core", "{ECA287F2-C325-4BFD-BA77-0C3FF026AD86}"
EndProject
Project("{2150E333-8FDC-42A3-9474-1A3956D46DE8}") = "iTin.Core.Hardware", "iTin.Core.Hardware", "{B9CD054A-6661-4F16-BED2-13EDDCABFD7E}"
EndProject
Project("{2150E333-8FDC-42A3-9474-1A3956D46DE8}") = "iTin.Core.Hardware.Common", "iTin.Core.Hardware.Common", "{B525711A-0DC5-4A68-8C15-7178BF4A2B70}"
EndProject
Project("{9A19103F-16F7-4668-BE54-9A1E7A4F7556}") = "iTin.Core", "src\lib\net\iTin.Core\iTin.Core\iTin.Core.csproj", "{D4F4F5C3-77CF-41CE-9DE3-DA109FC3B06B}"
EndProject
Project("{9A19103F-16F7-4668-BE54-9A1E7A4F7556}") = "iTin.Core.Hardware.Common", "src\lib\net\iTin.Core\iTin.Core.Hardware\iTin.Core.Hardware.Common\iTin.Core.Hardware.Common.csproj", "{E12CD758-17DE-4410-A30E-3A4964BF1F6D}"
EndProject
Project("{2150E333-8FDC-42A3-9474-1A3956D46DE8}") = "iTin.Core.Hardware.Windows", "iTin.Core.Hardware.Windows", "{0D85BDE2-2383-44EF-8357-B4BA051C8435}"
EndProject
Project("{2150E333-8FDC-42A3-9474-1A3956D46DE8}") = "iTin.Core.Hardware.MacOS", "iTin.Core.Hardware.MacOS", "{39C422A2-A119-44B3-8CC0-DCBDD7C33E9C}"
EndProject
Project("{2150E333-8FDC-42A3-9474-1A3956D46DE8}") = "iTin.Core.Hardware.Linux", "iTin.Core.Hardware.Linux", "{ED326CE4-519B-4627-83DB-2900DC42D2D0}"
EndProject
Project("{2150E333-8FDC-42A3-9474-1A3956D46DE8}") = "iTin.Core.Interop", "iTin.Core.Interop", "{EDD48F04-16D1-495C-8C26-71EED242C9DD}"
EndProject
Project("{2150E333-8FDC-42A3-9474-1A3956D46DE8}") = "iTin.Core.Interop.Shared", "iTin.Core.Interop.Shared", "{3038A166-EF35-42BD-A1EB-BF8ABF36ABBA}"
EndProject
Project("{9A19103F-16F7-4668-BE54-9A1E7A4F7556}") = "iTin.Core.Interop.Shared", "src\lib\net\iTin.Core\iTin.Core.Interop\iTin.Core.Interop.Shared\iTin.Core.Interop.Shared.csproj", "{A8518B63-633A-46E2-A34A-4B64E1C01F0D}"
EndProject
Project("{2150E333-8FDC-42A3-9474-1A3956D46DE8}") = "iTin.Hardware.Abstractions", "iTin.Hardware.Abstractions", "{F8F7257B-C9D8-4619-BB9E-73B1190B673C}"
EndProject
Project("{2150E333-8FDC-42A3-9474-1A3956D46DE8}") = "iTin.Core.Interop.Windows", "iTin.Core.Interop.Windows", "{D6ED5F1E-FE33-4D71-9F4D-DBACE40897D0}"
EndProject
Project("{9A19103F-16F7-4668-BE54-9A1E7A4F7556}") = "iTin.Core.Interop.Windows.Devices", "src\lib\net\iTin.Core\iTin.Core.Interop\iTin.Core.Interop.Windows\iTin.Core.Interop.Windows\iTin.Core.Interop.Windows.Devices.csproj", "{A9B24E43-71BE-4DA6-AF73-15E6DE8672FC}"
EndProject
Project("{2150E333-8FDC-42A3-9474-1A3956D46DE8}") = "FullFramework", "FullFramework", "{D93DF1C8-14EF-47D8-B35D-E63946A5080F}"
EndProject
Project("{2150E333-8FDC-42A3-9474-1A3956D46DE8}") = "NetCore", "NetCore", "{D93D233F-3C18-4B4D-942E-97638BAAF042}"
EndProject
Project("{FAE04EC0-301F-11D3-BF4B-00C04F79EFBC}") = "iEEDID.ConsoleApp", "src\test\FullFramework\iEEDID.ConsoleApp\iEEDID.ConsoleApp.csproj", "{AD3AB6A5-F257-4C36-8EB4-065D49EB3011}"
EndProject
Project("{9A19103F-16F7-4668-BE54-9A1E7A4F7556}") = "iEEDID.ConsoleAppCore31", "src\test\NetCore\iEEDID.ConsoleAppCore31\iEEDID.ConsoleAppCore31.csproj", "{9868D78D-2039-4857-AAC3-29FF56703D11}"
EndProject
Project("{9A19103F-16F7-4668-BE54-9A1E7A4F7556}") = "iEEDID.ConsoleAppCore60", "src\test\NetCore\iEEDID.ConsoleAppCore60\iEEDID.ConsoleAppCore60.csproj", "{FCFE961F-9738-4178-B152-894B4A729299}"
EndProject
Project("{9A19103F-16F7-4668-BE54-9A1E7A4F7556}") = "iTin.Core.Hardware.Linux.Device.Desktop", "src\lib\net\iTin.Core\iTin.Core.Hardware\iTin.Core.Hardware.Linux.Device.Desktop\iTin.Core.Hardware.Linux.Device.Desktop.csproj", "{CAD9EE28-CC64-4758-BED9-AC0FF34A82BB}"
EndProject
Project("{9A19103F-16F7-4668-BE54-9A1E7A4F7556}") = "iTin.Core.Hardware.MacOS.Device.Desktop", "src\lib\net\iTin.Core\iTin.Core.Hardware\iTin.Core.Hardware.MacOS.Device.Desktop\iTin.Core.Hardware.MacOS.Device.Desktop.csproj", "{1B9B6633-7D61-4963-A7BA-3EE30BB32626}"
EndProject
Project("{9A19103F-16F7-4668-BE54-9A1E7A4F7556}") = "iTin.Hardware.Abstractions.Devices", "src\lib\net\iTin.Hardware\iTin.Hardware.Abstractions.Devices\iTin.Hardware.Abstractions.Devices.csproj", "{8213344C-0F63-4D7D-A382-5865C21FC836}"
EndProject
Project("{9A19103F-16F7-4668-BE54-9A1E7A4F7556}") = "iTin.Hardware.Specification.Eedid", "src\lib\net\iTin.Hardware\iTin.Hardware.Specification.Eedid\iTin.Hardware.Specification.Eedid.csproj", "{173E4B36-21DD-4CFE-92A4-9D1AB230A0B3}"
EndProject
Project("{9A19103F-16F7-4668-BE54-9A1E7A4F7556}") = "iTin.Hardware.Specification.IEEE", "src\lib\net\iTin.Hardware\iTin.Hardware.Specification.IEEE\iTin.Hardware.Specification.IEEE.csproj", "{238C1964-69D9-448A-B569-99075CC74C72}"
EndProject
Project("{9A19103F-16F7-4668-BE54-9A1E7A4F7556}") = "iTin.Core.Hardware.Abstractions", "src\lib\net\iTin.Core\iTin.Core.Hardware\iTin.Core.Hardware.Abstractions\iTin.Core.Hardware.Abstractions.csproj", "{EF018374-7B9F-4C63-8061-F103E694B8F0}"
EndProject
Project("{2150E333-8FDC-42A3-9474-1A3956D46DE8}") = "iTin.Core.Hardware.Abstractions", "iTin.Core.Hardware.Abstractions", "{982712EF-B1BA-486A-8C17-F81713B89C1A}"
EndProject
Project("{9A19103F-16F7-4668-BE54-9A1E7A4F7556}") = "iTin.Core.Hardware.Windows.Device.Desktop", "src\lib\net\iTin.Core\iTin.Core.Hardware\iTin.Core.Hardware.Windows.Device.Desktop\iTin.Core.Hardware.Windows.Device.Desktop.csproj", "{1F8970C6-306A-4370-B46A-FFF731F35CE2}"
EndProject
Global
	GlobalSection(SolutionConfigurationPlatforms) = preSolution
		Debug|Any CPU = Debug|Any CPU
		Release|Any CPU = Release|Any CPU
	EndGlobalSection
	GlobalSection(ProjectConfigurationPlatforms) = postSolution
		{64B2E2AE-6B3D-40F4-90ED-9AD997293990}.Debug|Any CPU.ActiveCfg = Debug|Any CPU
		{64B2E2AE-6B3D-40F4-90ED-9AD997293990}.Debug|Any CPU.Build.0 = Debug|Any CPU
		{64B2E2AE-6B3D-40F4-90ED-9AD997293990}.Release|Any CPU.ActiveCfg = Release|Any CPU
		{64B2E2AE-6B3D-40F4-90ED-9AD997293990}.Release|Any CPU.Build.0 = Release|Any CPU
		{D4F4F5C3-77CF-41CE-9DE3-DA109FC3B06B}.Debug|Any CPU.ActiveCfg = Debug|Any CPU
		{D4F4F5C3-77CF-41CE-9DE3-DA109FC3B06B}.Debug|Any CPU.Build.0 = Debug|Any CPU
		{D4F4F5C3-77CF-41CE-9DE3-DA109FC3B06B}.Release|Any CPU.ActiveCfg = Release|Any CPU
		{D4F4F5C3-77CF-41CE-9DE3-DA109FC3B06B}.Release|Any CPU.Build.0 = Release|Any CPU
		{E12CD758-17DE-4410-A30E-3A4964BF1F6D}.Debug|Any CPU.ActiveCfg = Debug|Any CPU
		{E12CD758-17DE-4410-A30E-3A4964BF1F6D}.Debug|Any CPU.Build.0 = Debug|Any CPU
		{E12CD758-17DE-4410-A30E-3A4964BF1F6D}.Release|Any CPU.ActiveCfg = Release|Any CPU
		{E12CD758-17DE-4410-A30E-3A4964BF1F6D}.Release|Any CPU.Build.0 = Release|Any CPU
		{A8518B63-633A-46E2-A34A-4B64E1C01F0D}.Debug|Any CPU.ActiveCfg = Debug|Any CPU
		{A8518B63-633A-46E2-A34A-4B64E1C01F0D}.Debug|Any CPU.Build.0 = Debug|Any CPU
		{A8518B63-633A-46E2-A34A-4B64E1C01F0D}.Release|Any CPU.ActiveCfg = Release|Any CPU
		{A8518B63-633A-46E2-A34A-4B64E1C01F0D}.Release|Any CPU.Build.0 = Release|Any CPU
		{A9B24E43-71BE-4DA6-AF73-15E6DE8672FC}.Debug|Any CPU.ActiveCfg = Debug|Any CPU
		{A9B24E43-71BE-4DA6-AF73-15E6DE8672FC}.Debug|Any CPU.Build.0 = Debug|Any CPU
		{A9B24E43-71BE-4DA6-AF73-15E6DE8672FC}.Release|Any CPU.ActiveCfg = Release|Any CPU
		{A9B24E43-71BE-4DA6-AF73-15E6DE8672FC}.Release|Any CPU.Build.0 = Release|Any CPU
		{AD3AB6A5-F257-4C36-8EB4-065D49EB3011}.Debug|Any CPU.ActiveCfg = Debug|Any CPU
		{AD3AB6A5-F257-4C36-8EB4-065D49EB3011}.Debug|Any CPU.Build.0 = Debug|Any CPU
		{AD3AB6A5-F257-4C36-8EB4-065D49EB3011}.Release|Any CPU.ActiveCfg = Release|Any CPU
		{AD3AB6A5-F257-4C36-8EB4-065D49EB3011}.Release|Any CPU.Build.0 = Release|Any CPU
		{9868D78D-2039-4857-AAC3-29FF56703D11}.Debug|Any CPU.ActiveCfg = Debug|Any CPU
		{9868D78D-2039-4857-AAC3-29FF56703D11}.Debug|Any CPU.Build.0 = Debug|Any CPU
		{9868D78D-2039-4857-AAC3-29FF56703D11}.Release|Any CPU.ActiveCfg = Release|Any CPU
		{9868D78D-2039-4857-AAC3-29FF56703D11}.Release|Any CPU.Build.0 = Release|Any CPU
		{FCFE961F-9738-4178-B152-894B4A729299}.Debug|Any CPU.ActiveCfg = Debug|Any CPU
		{FCFE961F-9738-4178-B152-894B4A729299}.Debug|Any CPU.Build.0 = Debug|Any CPU
		{FCFE961F-9738-4178-B152-894B4A729299}.Release|Any CPU.ActiveCfg = Release|Any CPU
		{FCFE961F-9738-4178-B152-894B4A729299}.Release|Any CPU.Build.0 = Release|Any CPU
		{CAD9EE28-CC64-4758-BED9-AC0FF34A82BB}.Debug|Any CPU.ActiveCfg = Debug|Any CPU
		{CAD9EE28-CC64-4758-BED9-AC0FF34A82BB}.Debug|Any CPU.Build.0 = Debug|Any CPU
		{CAD9EE28-CC64-4758-BED9-AC0FF34A82BB}.Release|Any CPU.ActiveCfg = Release|Any CPU
		{CAD9EE28-CC64-4758-BED9-AC0FF34A82BB}.Release|Any CPU.Build.0 = Release|Any CPU
		{1B9B6633-7D61-4963-A7BA-3EE30BB32626}.Debug|Any CPU.ActiveCfg = Debug|Any CPU
		{1B9B6633-7D61-4963-A7BA-3EE30BB32626}.Debug|Any CPU.Build.0 = Debug|Any CPU
		{1B9B6633-7D61-4963-A7BA-3EE30BB32626}.Release|Any CPU.ActiveCfg = Release|Any CPU
		{1B9B6633-7D61-4963-A7BA-3EE30BB32626}.Release|Any CPU.Build.0 = Release|Any CPU
		{8213344C-0F63-4D7D-A382-5865C21FC836}.Debug|Any CPU.ActiveCfg = Debug|Any CPU
		{8213344C-0F63-4D7D-A382-5865C21FC836}.Debug|Any CPU.Build.0 = Debug|Any CPU
		{8213344C-0F63-4D7D-A382-5865C21FC836}.Release|Any CPU.ActiveCfg = Release|Any CPU
		{8213344C-0F63-4D7D-A382-5865C21FC836}.Release|Any CPU.Build.0 = Release|Any CPU
		{173E4B36-21DD-4CFE-92A4-9D1AB230A0B3}.Debug|Any CPU.ActiveCfg = Debug|Any CPU
		{173E4B36-21DD-4CFE-92A4-9D1AB230A0B3}.Debug|Any CPU.Build.0 = Debug|Any CPU
		{173E4B36-21DD-4CFE-92A4-9D1AB230A0B3}.Release|Any CPU.ActiveCfg = Release|Any CPU
		{173E4B36-21DD-4CFE-92A4-9D1AB230A0B3}.Release|Any CPU.Build.0 = Release|Any CPU
		{238C1964-69D9-448A-B569-99075CC74C72}.Debug|Any CPU.ActiveCfg = Debug|Any CPU
		{238C1964-69D9-448A-B569-99075CC74C72}.Debug|Any CPU.Build.0 = Debug|Any CPU
		{238C1964-69D9-448A-B569-99075CC74C72}.Release|Any CPU.ActiveCfg = Release|Any CPU
		{238C1964-69D9-448A-B569-99075CC74C72}.Release|Any CPU.Build.0 = Release|Any CPU
		{EF018374-7B9F-4C63-8061-F103E694B8F0}.Debug|Any CPU.ActiveCfg = Debug|Any CPU
		{EF018374-7B9F-4C63-8061-F103E694B8F0}.Debug|Any CPU.Build.0 = Debug|Any CPU
		{EF018374-7B9F-4C63-8061-F103E694B8F0}.Release|Any CPU.ActiveCfg = Release|Any CPU
		{EF018374-7B9F-4C63-8061-F103E694B8F0}.Release|Any CPU.Build.0 = Release|Any CPU
		{1F8970C6-306A-4370-B46A-FFF731F35CE2}.Debug|Any CPU.ActiveCfg = Debug|Any CPU
		{1F8970C6-306A-4370-B46A-FFF731F35CE2}.Debug|Any CPU.Build.0 = Debug|Any CPU
		{1F8970C6-306A-4370-B46A-FFF731F35CE2}.Release|Any CPU.ActiveCfg = Release|Any CPU
		{1F8970C6-306A-4370-B46A-FFF731F35CE2}.Release|Any CPU.Build.0 = Release|Any CPU
	EndGlobalSection
	GlobalSection(SolutionProperties) = preSolution
		HideSolutionNode = FALSE
	EndGlobalSection
	GlobalSection(NestedProjects) = preSolution
		{F7A4B784-8BE8-4EBE-8516-E741256FE270} = {9107F482-D7DD-4B0C-BD6F-8DD01893E157}
		{B2EEBB85-DA4D-436A-8F4B-A455E20BBC41} = {9107F482-D7DD-4B0C-BD6F-8DD01893E157}
		{FB0E1A10-5DA3-47BC-BA3B-16A0E2031F40} = {B2EEBB85-DA4D-436A-8F4B-A455E20BBC41}
		{F02CE6B9-FE76-40BE-A367-671049F30F81} = {9107F482-D7DD-4B0C-BD6F-8DD01893E157}
		{64B2E2AE-6B3D-40F4-90ED-9AD997293990} = {F02CE6B9-FE76-40BE-A367-671049F30F81}
		{ECA287F2-C325-4BFD-BA77-0C3FF026AD86} = {F7A4B784-8BE8-4EBE-8516-E741256FE270}
		{B9CD054A-6661-4F16-BED2-13EDDCABFD7E} = {F7A4B784-8BE8-4EBE-8516-E741256FE270}
		{B525711A-0DC5-4A68-8C15-7178BF4A2B70} = {B9CD054A-6661-4F16-BED2-13EDDCABFD7E}
		{D4F4F5C3-77CF-41CE-9DE3-DA109FC3B06B} = {ECA287F2-C325-4BFD-BA77-0C3FF026AD86}
		{E12CD758-17DE-4410-A30E-3A4964BF1F6D} = {B525711A-0DC5-4A68-8C15-7178BF4A2B70}
		{0D85BDE2-2383-44EF-8357-B4BA051C8435} = {B9CD054A-6661-4F16-BED2-13EDDCABFD7E}
		{39C422A2-A119-44B3-8CC0-DCBDD7C33E9C} = {B9CD054A-6661-4F16-BED2-13EDDCABFD7E}
		{ED326CE4-519B-4627-83DB-2900DC42D2D0} = {B9CD054A-6661-4F16-BED2-13EDDCABFD7E}
		{EDD48F04-16D1-495C-8C26-71EED242C9DD} = {F7A4B784-8BE8-4EBE-8516-E741256FE270}
		{3038A166-EF35-42BD-A1EB-BF8ABF36ABBA} = {EDD48F04-16D1-495C-8C26-71EED242C9DD}
		{A8518B63-633A-46E2-A34A-4B64E1C01F0D} = {3038A166-EF35-42BD-A1EB-BF8ABF36ABBA}
		{F8F7257B-C9D8-4619-BB9E-73B1190B673C} = {B2EEBB85-DA4D-436A-8F4B-A455E20BBC41}
		{D6ED5F1E-FE33-4D71-9F4D-DBACE40897D0} = {EDD48F04-16D1-495C-8C26-71EED242C9DD}
		{A9B24E43-71BE-4DA6-AF73-15E6DE8672FC} = {D6ED5F1E-FE33-4D71-9F4D-DBACE40897D0}
		{D93DF1C8-14EF-47D8-B35D-E63946A5080F} = {91CBD598-2E14-4030-BADA-8FCC9815D318}
		{D93D233F-3C18-4B4D-942E-97638BAAF042} = {91CBD598-2E14-4030-BADA-8FCC9815D318}
		{AD3AB6A5-F257-4C36-8EB4-065D49EB3011} = {D93DF1C8-14EF-47D8-B35D-E63946A5080F}
		{9868D78D-2039-4857-AAC3-29FF56703D11} = {D93D233F-3C18-4B4D-942E-97638BAAF042}
		{FCFE961F-9738-4178-B152-894B4A729299} = {D93D233F-3C18-4B4D-942E-97638BAAF042}
		{CAD9EE28-CC64-4758-BED9-AC0FF34A82BB} = {ED326CE4-519B-4627-83DB-2900DC42D2D0}
		{1B9B6633-7D61-4963-A7BA-3EE30BB32626} = {39C422A2-A119-44B3-8CC0-DCBDD7C33E9C}
		{8213344C-0F63-4D7D-A382-5865C21FC836} = {F8F7257B-C9D8-4619-BB9E-73B1190B673C}
		{173E4B36-21DD-4CFE-92A4-9D1AB230A0B3} = {FB0E1A10-5DA3-47BC-BA3B-16A0E2031F40}
		{238C1964-69D9-448A-B569-99075CC74C72} = {FB0E1A10-5DA3-47BC-BA3B-16A0E2031F40}
		{EF018374-7B9F-4C63-8061-F103E694B8F0} = {982712EF-B1BA-486A-8C17-F81713B89C1A}
		{982712EF-B1BA-486A-8C17-F81713B89C1A} = {B9CD054A-6661-4F16-BED2-13EDDCABFD7E}
		{1F8970C6-306A-4370-B46A-FFF731F35CE2} = {0D85BDE2-2383-44EF-8357-B4BA051C8435}
	EndGlobalSection
	GlobalSection(ExtensibilityGlobals) = postSolution
		SolutionGuid = {7E253257-825E-40F1-9BD8-3624F02E7544}
	EndGlobalSection
EndGlobal
