
Microsoft Visual Studio Solution File, Format Version 12.00
# Visual Studio 15
VisualStudioVersion = 15.0.28307.572
MinimumVisualStudioVersion = 10.0.40219.1
Project("{FAE04EC0-301F-11D3-BF4B-00C04F79EFBC}") = "iEEDID.ConsoleApp", "iEEDID.ConsoleApp\iEEDID.ConsoleApp.csproj", "{EB8A8686-4EE1-435C-A6EC-48D0C8409A1D}"
EndProject
Global
	GlobalSection(SolutionConfigurationPlatforms) = preSolution
		Debug|Any CPU = Debug|Any CPU
		Release|Any CPU = Release|Any CPU
	EndGlobalSection
	GlobalSection(ProjectConfigurationPlatforms) = postSolution
		{EB8A8686-4EE1-435C-A6EC-48D0C8409A1D}.Debug|Any CPU.ActiveCfg = Debug|Any CPU
		{EB8A8686-4EE1-435C-A6EC-48D0C8409A1D}.Debug|Any CPU.Build.0 = Debug|Any CPU
		{EB8A8686-4EE1-435C-A6EC-48D0C8409A1D}.Release|Any CPU.ActiveCfg = Release|Any CPU
		{EB8A8686-4EE1-435C-A6EC-48D0C8409A1D}.Release|Any CPU.Build.0 = Release|Any CPU
	EndGlobalSection
	GlobalSection(SolutionProperties) = preSolution
		HideSolutionNode = FALSE
	EndGlobalSection
	GlobalSection(ExtensibilityGlobals) = postSolution
		SolutionGuid = {556C2AB1-0911-44CD-B0E6-EE5CF6242808}
	EndGlobalSection
EndGlobal
