
Microsoft Visual Studio Solution File, Format Version 12.00
# Visual Studio Version 16
VisualStudioVersion = 16.0.29215.179
MinimumVisualStudioVersion = 10.0.40219.1
Project("{2150E333-8FDC-42A3-9474-1A3956D46DE8}") = "lib", "lib", "{9107F482-D7DD-4B0C-BD6F-8DD01893E157}"
EndProject
Project("{2150E333-8FDC-42A3-9474-1A3956D46DE8}") = "iTin.Core", "iTin.Core", "{F7A4B784-8BE8-4EBE-8516-E741256FE270}"
EndProject
Project("{9A19103F-16F7-4668-BE54-9A1E7A4F7556}") = "iTin.Core", "lib\iTin.Core\iTin.Core\iTin.Core.csproj", "{22E9B693-146A-4930-B854-2DA834035C69}"
EndProject
Project("{9A19103F-16F7-4668-BE54-9A1E7A4F7556}") = "iTin.Core.Interop", "lib\iTin.Core\iTin.Core.Interop\iTin.Core.Interop.csproj", "{D1B03AE9-8FC7-4BD0-9FAC-9EC82A8698E3}"
EndProject
Project("{2150E333-8FDC-42A3-9474-1A3956D46DE8}") = "iTin.Core.Hardware", "iTin.Core.Hardware", "{B2EEBB85-DA4D-436A-8F4B-A455E20BBC41}"
EndProject
Project("{2150E333-8FDC-42A3-9474-1A3956D46DE8}") = "iTin.Core.Hardware.Specification", "iTin.Core.Hardware.Specification", "{FB0E1A10-5DA3-47BC-BA3B-16A0E2031F40}"
EndProject
Project("{2150E333-8FDC-42A3-9474-1A3956D46DE8}") = "test", "test", "{91CBD598-2E14-4030-BADA-8FCC9815D318}"
EndProject
Project("{9A19103F-16F7-4668-BE54-9A1E7A4F7556}") = "iTin.Core.Hardware", "lib\iTin.Core.Hardware\iTin.Core.Hardware\iTin.Core.Hardware.csproj", "{465B6E32-C67F-41E4-BCEB-8A66A4CF5BE9}"
EndProject
Project("{9A19103F-16F7-4668-BE54-9A1E7A4F7556}") = "iTin.Core.Hardware.Specification.Eedid", "lib\iTin.Core.Hardware\iTin.Core.Hardware.Specification\iTin.Core.Hardware.Specification.Eedid\iTin.Core.Hardware.Specification.Eedid.csproj", "{3D10AD36-833A-443C-ADED-90B1A8745185}"
EndProject
Project("{9A19103F-16F7-4668-BE54-9A1E7A4F7556}") = "iEEDID.ConsoleAppCore", "test\iEEDID.ConsoleAppCore\iEEDID.ConsoleAppCore.csproj", "{B296CD93-7B29-49B0-B3BF-9AAC7FF0A201}"
EndProject
Project("{FAE04EC0-301F-11D3-BF4B-00C04F79EFBC}") = "iEEDID.ConsoleApp", "test\iEEDID.ConsoleApp\iEEDID.ConsoleApp.csproj", "{AD3AB6A5-F257-4C36-8EB4-065D49EB3011}"
EndProject
Global
	GlobalSection(SolutionConfigurationPlatforms) = preSolution
		Debug|Any CPU = Debug|Any CPU
		Release|Any CPU = Release|Any CPU
	EndGlobalSection
	GlobalSection(ProjectConfigurationPlatforms) = postSolution
		{22E9B693-146A-4930-B854-2DA834035C69}.Debug|Any CPU.ActiveCfg = Debug|Any CPU
		{22E9B693-146A-4930-B854-2DA834035C69}.Debug|Any CPU.Build.0 = Debug|Any CPU
		{22E9B693-146A-4930-B854-2DA834035C69}.Release|Any CPU.ActiveCfg = Release|Any CPU
		{22E9B693-146A-4930-B854-2DA834035C69}.Release|Any CPU.Build.0 = Release|Any CPU
		{D1B03AE9-8FC7-4BD0-9FAC-9EC82A8698E3}.Debug|Any CPU.ActiveCfg = Debug|Any CPU
		{D1B03AE9-8FC7-4BD0-9FAC-9EC82A8698E3}.Debug|Any CPU.Build.0 = Debug|Any CPU
		{D1B03AE9-8FC7-4BD0-9FAC-9EC82A8698E3}.Release|Any CPU.ActiveCfg = Release|Any CPU
		{D1B03AE9-8FC7-4BD0-9FAC-9EC82A8698E3}.Release|Any CPU.Build.0 = Release|Any CPU
		{465B6E32-C67F-41E4-BCEB-8A66A4CF5BE9}.Debug|Any CPU.ActiveCfg = Debug|Any CPU
		{465B6E32-C67F-41E4-BCEB-8A66A4CF5BE9}.Debug|Any CPU.Build.0 = Debug|Any CPU
		{465B6E32-C67F-41E4-BCEB-8A66A4CF5BE9}.Release|Any CPU.ActiveCfg = Release|Any CPU
		{465B6E32-C67F-41E4-BCEB-8A66A4CF5BE9}.Release|Any CPU.Build.0 = Release|Any CPU
		{3D10AD36-833A-443C-ADED-90B1A8745185}.Debug|Any CPU.ActiveCfg = Debug|Any CPU
		{3D10AD36-833A-443C-ADED-90B1A8745185}.Debug|Any CPU.Build.0 = Debug|Any CPU
		{3D10AD36-833A-443C-ADED-90B1A8745185}.Release|Any CPU.ActiveCfg = Release|Any CPU
		{3D10AD36-833A-443C-ADED-90B1A8745185}.Release|Any CPU.Build.0 = Release|Any CPU
		{B296CD93-7B29-49B0-B3BF-9AAC7FF0A201}.Debug|Any CPU.ActiveCfg = Debug|Any CPU
		{B296CD93-7B29-49B0-B3BF-9AAC7FF0A201}.Debug|Any CPU.Build.0 = Debug|Any CPU
		{B296CD93-7B29-49B0-B3BF-9AAC7FF0A201}.Release|Any CPU.ActiveCfg = Release|Any CPU
		{B296CD93-7B29-49B0-B3BF-9AAC7FF0A201}.Release|Any CPU.Build.0 = Release|Any CPU
		{AD3AB6A5-F257-4C36-8EB4-065D49EB3011}.Debug|Any CPU.ActiveCfg = Debug|Any CPU
		{AD3AB6A5-F257-4C36-8EB4-065D49EB3011}.Debug|Any CPU.Build.0 = Debug|Any CPU
		{AD3AB6A5-F257-4C36-8EB4-065D49EB3011}.Release|Any CPU.ActiveCfg = Release|Any CPU
		{AD3AB6A5-F257-4C36-8EB4-065D49EB3011}.Release|Any CPU.Build.0 = Release|Any CPU
	EndGlobalSection
	GlobalSection(SolutionProperties) = preSolution
		HideSolutionNode = FALSE
	EndGlobalSection
	GlobalSection(NestedProjects) = preSolution
		{F7A4B784-8BE8-4EBE-8516-E741256FE270} = {9107F482-D7DD-4B0C-BD6F-8DD01893E157}
		{22E9B693-146A-4930-B854-2DA834035C69} = {F7A4B784-8BE8-4EBE-8516-E741256FE270}
		{D1B03AE9-8FC7-4BD0-9FAC-9EC82A8698E3} = {F7A4B784-8BE8-4EBE-8516-E741256FE270}
		{B2EEBB85-DA4D-436A-8F4B-A455E20BBC41} = {9107F482-D7DD-4B0C-BD6F-8DD01893E157}
		{FB0E1A10-5DA3-47BC-BA3B-16A0E2031F40} = {9107F482-D7DD-4B0C-BD6F-8DD01893E157}
		{465B6E32-C67F-41E4-BCEB-8A66A4CF5BE9} = {B2EEBB85-DA4D-436A-8F4B-A455E20BBC41}
		{3D10AD36-833A-443C-ADED-90B1A8745185} = {FB0E1A10-5DA3-47BC-BA3B-16A0E2031F40}
		{B296CD93-7B29-49B0-B3BF-9AAC7FF0A201} = {91CBD598-2E14-4030-BADA-8FCC9815D318}
		{AD3AB6A5-F257-4C36-8EB4-065D49EB3011} = {91CBD598-2E14-4030-BADA-8FCC9815D318}
	EndGlobalSection
	GlobalSection(ExtensibilityGlobals) = postSolution
		SolutionGuid = {7E253257-825E-40F1-9BD8-3624F02E7544}
	EndGlobalSection
EndGlobal
